
Microsoft Visual Studio Solution File, Format Version 12.00
# Visual Studio Version 16
VisualStudioVersion = 16.0.29613.14
MinimumVisualStudioVersion = 10.0.40219.1
Project("{FAE04EC0-301F-11D3-BF4B-00C04F79EFBC}") = "VidzDesktop_Mateus", "VidzDesktop_Mateus\VidzDesktop_Mateus.csproj", "{C3398B0B-0C6F-42CC-B55B-BCA8586CFD79}"
EndProject
Project("{00D1A9C2-B5F0-4AF3-8072-F6C62B433612}") = "VidzMateusDB", "VidzMateusDB\VidzMateusDB.sqlproj", "{C359673D-FB0F-43E2-BEEC-13BB22826B52}"
EndProject
Global
	GlobalSection(SolutionConfigurationPlatforms) = preSolution
		Debug|Any CPU = Debug|Any CPU
		Release|Any CPU = Release|Any CPU
	EndGlobalSection
	GlobalSection(ProjectConfigurationPlatforms) = postSolution
		{C3398B0B-0C6F-42CC-B55B-BCA8586CFD79}.Debug|Any CPU.ActiveCfg = Debug|Any CPU
		{C3398B0B-0C6F-42CC-B55B-BCA8586CFD79}.Debug|Any CPU.Build.0 = Debug|Any CPU
		{C3398B0B-0C6F-42CC-B55B-BCA8586CFD79}.Release|Any CPU.ActiveCfg = Release|Any CPU
		{C3398B0B-0C6F-42CC-B55B-BCA8586CFD79}.Release|Any CPU.Build.0 = Release|Any CPU
		{C359673D-FB0F-43E2-BEEC-13BB22826B52}.Debug|Any CPU.ActiveCfg = Debug|Any CPU
		{C359673D-FB0F-43E2-BEEC-13BB22826B52}.Debug|Any CPU.Build.0 = Debug|Any CPU
		{C359673D-FB0F-43E2-BEEC-13BB22826B52}.Debug|Any CPU.Deploy.0 = Debug|Any CPU
		{C359673D-FB0F-43E2-BEEC-13BB22826B52}.Release|Any CPU.ActiveCfg = Release|Any CPU
		{C359673D-FB0F-43E2-BEEC-13BB22826B52}.Release|Any CPU.Build.0 = Release|Any CPU
		{C359673D-FB0F-43E2-BEEC-13BB22826B52}.Release|Any CPU.Deploy.0 = Release|Any CPU
	EndGlobalSection
	GlobalSection(SolutionProperties) = preSolution
		HideSolutionNode = FALSE
	EndGlobalSection
	GlobalSection(ExtensibilityGlobals) = postSolution
		SolutionGuid = {957DF80D-8530-4FBD-BA6C-7409E3F73FB0}
	EndGlobalSection
EndGlobal
